
Microsoft Visual Studio Solution File, Format Version 12.00
# Visual Studio Version 16
VisualStudioVersion = 16.0.30413.136
MinimumVisualStudioVersion = 10.0.40219.1
Project("{888888A0-9F3D-457C-B088-3A5042F75D52}") = "God of War", "God of War.pyproj", "{703F14CF-EDE2-42C5-A3D2-A7BDC412902E}"
EndProject
Global
	GlobalSection(SolutionConfigurationPlatforms) = preSolution
		Debug|Any CPU = Debug|Any CPU
		Release|Any CPU = Release|Any CPU
	EndGlobalSection
	GlobalSection(ProjectConfigurationPlatforms) = postSolution
		{703F14CF-EDE2-42C5-A3D2-A7BDC412902E}.Debug|Any CPU.ActiveCfg = Debug|Any CPU
		{703F14CF-EDE2-42C5-A3D2-A7BDC412902E}.Release|Any CPU.ActiveCfg = Release|Any CPU
	EndGlobalSection
	GlobalSection(SolutionProperties) = preSolution
		HideSolutionNode = FALSE
	EndGlobalSection
	GlobalSection(ExtensibilityGlobals) = postSolution
		SolutionGuid = {F53854FA-EA28-45E1-A11F-FE90293B451A}
	EndGlobalSection
EndGlobal
